
Microsoft Visual Studio Solution File, Format Version 12.00
# Visual Studio Version 17
VisualStudioVersion = 17.11.35327.3
MinimumVisualStudioVersion = 10.0.40219.1
Project("{FAE04EC0-301F-11D3-BF4B-00C04F79EFBC}") = "MyProject2", "MyProject2\MyProject2.csproj", "{C3B41CFF-D0A3-4BFF-8502-D7F1959C6354}"
EndProject
Project("{FAE04EC0-301F-11D3-BF4B-00C04F79EFBC}") = "MyprojectAPI2", "MyprojectAPI2\MyprojectAPI2.csproj", "{C8F3FC5B-9986-46E0-AAE1-712C9F2044EA}"
EndProject
Project("{FAE04EC0-301F-11D3-BF4B-00C04F79EFBC}") = "MyprojectData22", "MyprojectData22\MyprojectData22.csproj", "{001DCC74-BF39-4D40-A481-C4FF33CAF60F}"
EndProject
Global
	GlobalSection(SolutionConfigurationPlatforms) = preSolution
		Debug|Any CPU = Debug|Any CPU
		Release|Any CPU = Release|Any CPU
	EndGlobalSection
	GlobalSection(ProjectConfigurationPlatforms) = postSolution
		{C3B41CFF-D0A3-4BFF-8502-D7F1959C6354}.Debug|Any CPU.ActiveCfg = Debug|Any CPU
		{C3B41CFF-D0A3-4BFF-8502-D7F1959C6354}.Debug|Any CPU.Build.0 = Debug|Any CPU
		{C3B41CFF-D0A3-4BFF-8502-D7F1959C6354}.Release|Any CPU.ActiveCfg = Release|Any CPU
		{C3B41CFF-D0A3-4BFF-8502-D7F1959C6354}.Release|Any CPU.Build.0 = Release|Any CPU
		{C8F3FC5B-9986-46E0-AAE1-712C9F2044EA}.Debug|Any CPU.ActiveCfg = Debug|Any CPU
		{C8F3FC5B-9986-46E0-AAE1-712C9F2044EA}.Debug|Any CPU.Build.0 = Debug|Any CPU
		{C8F3FC5B-9986-46E0-AAE1-712C9F2044EA}.Release|Any CPU.ActiveCfg = Release|Any CPU
		{C8F3FC5B-9986-46E0-AAE1-712C9F2044EA}.Release|Any CPU.Build.0 = Release|Any CPU
		{001DCC74-BF39-4D40-A481-C4FF33CAF60F}.Debug|Any CPU.ActiveCfg = Debug|Any CPU
		{001DCC74-BF39-4D40-A481-C4FF33CAF60F}.Debug|Any CPU.Build.0 = Debug|Any CPU
		{001DCC74-BF39-4D40-A481-C4FF33CAF60F}.Release|Any CPU.ActiveCfg = Release|Any CPU
		{001DCC74-BF39-4D40-A481-C4FF33CAF60F}.Release|Any CPU.Build.0 = Release|Any CPU
	EndGlobalSection
	GlobalSection(SolutionProperties) = preSolution
		HideSolutionNode = FALSE
	EndGlobalSection
	GlobalSection(ExtensibilityGlobals) = postSolution
		SolutionGuid = {AB9645CE-02F6-40D3-BA7E-081E83F8AD94}
	EndGlobalSection
EndGlobal
